
Microsoft Visual Studio Solution File, Format Version 12.00
# Visual Studio Version 17
VisualStudioVersion = 17.11.35312.102
MinimumVisualStudioVersion = 10.0.40219.1
Project("{2150E333-8FDC-42A3-9474-1A3956D46DE8}") = "ShopManagment", "ShopManagment", "{2A20BA67-46E9-4A95-BCD0-D9ECADAF59EE}"
EndProject
Project("{9A19103F-16F7-4668-BE54-9A1E7A4F7556}") = "0_Framework", "0_Framework\0_Framework.csproj", "{3B4CCFF5-45E7-4693-B1FA-E5BEDBFAC29E}"
EndProject
Project("{9A19103F-16F7-4668-BE54-9A1E7A4F7556}") = "ShopManagment.Domain", "ShopManagment.Domain\ShopManagment.Domain.csproj", "{D225A05B-7595-46F1-8752-95FABE7D3FF4}"
EndProject
Project("{2150E333-8FDC-42A3-9474-1A3956D46DE8}") = "SM.Domain", "SM.Domain", "{4FC20124-3ECB-43C0-8723-992A3BAA7893}"
EndProject
Project("{2150E333-8FDC-42A3-9474-1A3956D46DE8}") = "SM.Application", "SM.Application", "{BFA36F35-DA82-4628-B884-57F6098339BC}"
EndProject
Project("{9A19103F-16F7-4668-BE54-9A1E7A4F7556}") = "ShopManagment.Application.Contracts", "ShopManagment.Application.Contracts\ShopManagment.Application.Contracts.csproj", "{FB9B2D1E-F3B0-467A-99A2-14921BC383AF}"
EndProject
Project("{9A19103F-16F7-4668-BE54-9A1E7A4F7556}") = "ShopManagment.Application", "ShopManagment.Application\ShopManagment.Application.csproj", "{007DB87D-F4F6-4279-963F-90518AF4FA04}"
EndProject
Project("{2150E333-8FDC-42A3-9474-1A3956D46DE8}") = "SM.Infrastructure", "SM.Infrastructure", "{4A66F218-8A91-4FC3-A29D-B891CD7EF758}"
EndProject
Project("{9A19103F-16F7-4668-BE54-9A1E7A4F7556}") = "ShopManagment.Infrastructure.EFCore", "ShopManagment.Infrastructure.EFCore\ShopManagment.Infrastructure.EFCore.csproj", "{6C4FAB14-AD0F-459C-AB8D-C1C8E13BE628}"
EndProject
Project("{9A19103F-16F7-4668-BE54-9A1E7A4F7556}") = "ShopManagment.Configuration", "ShopManagment.Configuration\ShopManagment.Configuration.csproj", "{50022730-2B86-4927-9F8F-F37505AEDEA7}"
EndProject
Project("{9A19103F-16F7-4668-BE54-9A1E7A4F7556}") = "ServiceHost", "ServiceHost\ServiceHost.csproj", "{62893B54-EA56-4AE3-A912-4557E1E8DF86}"
EndProject
Project("{9A19103F-16F7-4668-BE54-9A1E7A4F7556}") = "01_LampshadeQuery", "01_LampshadeQuery\01_LampshadeQuery.csproj", "{C328B4F4-DD69-4D99-8693-818F41D285EE}"
EndProject
Project("{2150E333-8FDC-42A3-9474-1A3956D46DE8}") = "DiscountManagment", "DiscountManagment", "{1BFAED43-74B4-40D8-881A-2F7264D77CD1}"
EndProject
Project("{2150E333-8FDC-42A3-9474-1A3956D46DE8}") = "DM.Domain", "DM.Domain", "{54E5B9BB-60F5-40C8-8345-461D1083DDCC}"
EndProject
Project("{9A19103F-16F7-4668-BE54-9A1E7A4F7556}") = "DiscountManagment.Domain", "DiscountManagment.Domain\DiscountManagment.Domain.csproj", "{7050A652-AA85-4A29-B662-33890C0BC208}"
EndProject
Project("{2150E333-8FDC-42A3-9474-1A3956D46DE8}") = "DM.Application", "DM.Application", "{D8410128-3B4B-4502-88B0-03A40FDF9D59}"
EndProject
Project("{9A19103F-16F7-4668-BE54-9A1E7A4F7556}") = "DiscountManagment.Application", "DiscountManagmentApplication\DiscountManagment.Application.csproj", "{DD332554-DD7C-420B-B3B5-4BDB46F45943}"
EndProject
Project("{9A19103F-16F7-4668-BE54-9A1E7A4F7556}") = "DiscountManagment.Application.Contracts", "DiscountManagment.Application.Contracts\DiscountManagment.Application.Contracts.csproj", "{DB2B0AE1-7F36-4756-A059-059424475D53}"
EndProject
Project("{2150E333-8FDC-42A3-9474-1A3956D46DE8}") = "DM.Infrastructure", "DM.Infrastructure", "{8F0269AB-B2D8-4AE9-82DB-55EB113F7D0D}"
EndProject
Project("{9A19103F-16F7-4668-BE54-9A1E7A4F7556}") = "DiscountManagment.Infrastructure.EFCore", "DiscountManagment.Infrastructure.EFCore\DiscountManagment.Infrastructure.EFCore.csproj", "{8129435C-8ED1-4DD7-B5AA-1C9175FDCAED}"
EndProject
Project("{9A19103F-16F7-4668-BE54-9A1E7A4F7556}") = "DiscountManagment.Configuration", "DiscountManagment.Configuration\DiscountManagment.Configuration.csproj", "{6C0E8258-7402-4716-80D5-FC8743878189}"
EndProject
Project("{2150E333-8FDC-42A3-9474-1A3956D46DE8}") = "InventoryManagment", "InventoryManagment", "{BE636E33-FDBA-4DCE-B3A5-A7F3EF9C497B}"
EndProject
Project("{2150E333-8FDC-42A3-9474-1A3956D46DE8}") = "IM.Domain", "IM.Domain", "{21507160-3303-474F-A18C-C9123464C084}"
EndProject
Project("{FAE04EC0-301F-11D3-BF4B-00C04F79EFBC}") = "InventoryManagment.Domain", "InventoryManagment.Domain\InventoryManagment.Domain.csproj", "{C4F6D8B9-7FE1-469D-9988-93CC960C89EF}"
EndProject
Project("{2150E333-8FDC-42A3-9474-1A3956D46DE8}") = "IM.Application", "IM.Application", "{57A93BA2-4B92-4454-8795-D7265E9E192C}"
EndProject
Project("{FAE04EC0-301F-11D3-BF4B-00C04F79EFBC}") = "InventoryManagment.Application.Contract", "InventoryManagment.Application.Contract\InventoryManagment.Application.Contract.csproj", "{C73E4420-1837-4562-B08A-7D287C4A7241}"
EndProject
Global
	GlobalSection(SolutionConfigurationPlatforms) = preSolution
		Debug|Any CPU = Debug|Any CPU
		Release|Any CPU = Release|Any CPU
	EndGlobalSection
	GlobalSection(ProjectConfigurationPlatforms) = postSolution
		{3B4CCFF5-45E7-4693-B1FA-E5BEDBFAC29E}.Debug|Any CPU.ActiveCfg = Debug|Any CPU
		{3B4CCFF5-45E7-4693-B1FA-E5BEDBFAC29E}.Debug|Any CPU.Build.0 = Debug|Any CPU
		{3B4CCFF5-45E7-4693-B1FA-E5BEDBFAC29E}.Release|Any CPU.ActiveCfg = Release|Any CPU
		{3B4CCFF5-45E7-4693-B1FA-E5BEDBFAC29E}.Release|Any CPU.Build.0 = Release|Any CPU
		{D225A05B-7595-46F1-8752-95FABE7D3FF4}.Debug|Any CPU.ActiveCfg = Debug|Any CPU
		{D225A05B-7595-46F1-8752-95FABE7D3FF4}.Debug|Any CPU.Build.0 = Debug|Any CPU
		{D225A05B-7595-46F1-8752-95FABE7D3FF4}.Release|Any CPU.ActiveCfg = Release|Any CPU
		{D225A05B-7595-46F1-8752-95FABE7D3FF4}.Release|Any CPU.Build.0 = Release|Any CPU
		{FB9B2D1E-F3B0-467A-99A2-14921BC383AF}.Debug|Any CPU.ActiveCfg = Debug|Any CPU
		{FB9B2D1E-F3B0-467A-99A2-14921BC383AF}.Debug|Any CPU.Build.0 = Debug|Any CPU
		{FB9B2D1E-F3B0-467A-99A2-14921BC383AF}.Release|Any CPU.ActiveCfg = Release|Any CPU
		{FB9B2D1E-F3B0-467A-99A2-14921BC383AF}.Release|Any CPU.Build.0 = Release|Any CPU
		{007DB87D-F4F6-4279-963F-90518AF4FA04}.Debug|Any CPU.ActiveCfg = Debug|Any CPU
		{007DB87D-F4F6-4279-963F-90518AF4FA04}.Debug|Any CPU.Build.0 = Debug|Any CPU
		{007DB87D-F4F6-4279-963F-90518AF4FA04}.Release|Any CPU.ActiveCfg = Release|Any CPU
		{007DB87D-F4F6-4279-963F-90518AF4FA04}.Release|Any CPU.Build.0 = Release|Any CPU
		{6C4FAB14-AD0F-459C-AB8D-C1C8E13BE628}.Debug|Any CPU.ActiveCfg = Debug|Any CPU
		{6C4FAB14-AD0F-459C-AB8D-C1C8E13BE628}.Debug|Any CPU.Build.0 = Debug|Any CPU
		{6C4FAB14-AD0F-459C-AB8D-C1C8E13BE628}.Release|Any CPU.ActiveCfg = Release|Any CPU
		{6C4FAB14-AD0F-459C-AB8D-C1C8E13BE628}.Release|Any CPU.Build.0 = Release|Any CPU
		{50022730-2B86-4927-9F8F-F37505AEDEA7}.Debug|Any CPU.ActiveCfg = Debug|Any CPU
		{50022730-2B86-4927-9F8F-F37505AEDEA7}.Debug|Any CPU.Build.0 = Debug|Any CPU
		{50022730-2B86-4927-9F8F-F37505AEDEA7}.Release|Any CPU.ActiveCfg = Release|Any CPU
		{50022730-2B86-4927-9F8F-F37505AEDEA7}.Release|Any CPU.Build.0 = Release|Any CPU
		{62893B54-EA56-4AE3-A912-4557E1E8DF86}.Debug|Any CPU.ActiveCfg = Debug|Any CPU
		{62893B54-EA56-4AE3-A912-4557E1E8DF86}.Debug|Any CPU.Build.0 = Debug|Any CPU
		{62893B54-EA56-4AE3-A912-4557E1E8DF86}.Release|Any CPU.ActiveCfg = Release|Any CPU
		{62893B54-EA56-4AE3-A912-4557E1E8DF86}.Release|Any CPU.Build.0 = Release|Any CPU
		{C328B4F4-DD69-4D99-8693-818F41D285EE}.Debug|Any CPU.ActiveCfg = Debug|Any CPU
		{C328B4F4-DD69-4D99-8693-818F41D285EE}.Debug|Any CPU.Build.0 = Debug|Any CPU
		{C328B4F4-DD69-4D99-8693-818F41D285EE}.Release|Any CPU.ActiveCfg = Release|Any CPU
		{C328B4F4-DD69-4D99-8693-818F41D285EE}.Release|Any CPU.Build.0 = Release|Any CPU
		{7050A652-AA85-4A29-B662-33890C0BC208}.Debug|Any CPU.ActiveCfg = Debug|Any CPU
		{7050A652-AA85-4A29-B662-33890C0BC208}.Debug|Any CPU.Build.0 = Debug|Any CPU
		{7050A652-AA85-4A29-B662-33890C0BC208}.Release|Any CPU.ActiveCfg = Release|Any CPU
		{7050A652-AA85-4A29-B662-33890C0BC208}.Release|Any CPU.Build.0 = Release|Any CPU
		{DD332554-DD7C-420B-B3B5-4BDB46F45943}.Debug|Any CPU.ActiveCfg = Debug|Any CPU
		{DD332554-DD7C-420B-B3B5-4BDB46F45943}.Debug|Any CPU.Build.0 = Debug|Any CPU
		{DD332554-DD7C-420B-B3B5-4BDB46F45943}.Release|Any CPU.ActiveCfg = Release|Any CPU
		{DD332554-DD7C-420B-B3B5-4BDB46F45943}.Release|Any CPU.Build.0 = Release|Any CPU
		{DB2B0AE1-7F36-4756-A059-059424475D53}.Debug|Any CPU.ActiveCfg = Debug|Any CPU
		{DB2B0AE1-7F36-4756-A059-059424475D53}.Debug|Any CPU.Build.0 = Debug|Any CPU
		{DB2B0AE1-7F36-4756-A059-059424475D53}.Release|Any CPU.ActiveCfg = Release|Any CPU
		{DB2B0AE1-7F36-4756-A059-059424475D53}.Release|Any CPU.Build.0 = Release|Any CPU
		{8129435C-8ED1-4DD7-B5AA-1C9175FDCAED}.Debug|Any CPU.ActiveCfg = Debug|Any CPU
		{8129435C-8ED1-4DD7-B5AA-1C9175FDCAED}.Debug|Any CPU.Build.0 = Debug|Any CPU
		{8129435C-8ED1-4DD7-B5AA-1C9175FDCAED}.Release|Any CPU.ActiveCfg = Release|Any CPU
		{8129435C-8ED1-4DD7-B5AA-1C9175FDCAED}.Release|Any CPU.Build.0 = Release|Any CPU
		{6C0E8258-7402-4716-80D5-FC8743878189}.Debug|Any CPU.ActiveCfg = Debug|Any CPU
		{6C0E8258-7402-4716-80D5-FC8743878189}.Debug|Any CPU.Build.0 = Debug|Any CPU
		{6C0E8258-7402-4716-80D5-FC8743878189}.Release|Any CPU.ActiveCfg = Release|Any CPU
		{6C0E8258-7402-4716-80D5-FC8743878189}.Release|Any CPU.Build.0 = Release|Any CPU
		{C4F6D8B9-7FE1-469D-9988-93CC960C89EF}.Debug|Any CPU.ActiveCfg = Debug|Any CPU
		{C4F6D8B9-7FE1-469D-9988-93CC960C89EF}.Debug|Any CPU.Build.0 = Debug|Any CPU
		{C4F6D8B9-7FE1-469D-9988-93CC960C89EF}.Release|Any CPU.ActiveCfg = Release|Any CPU
		{C4F6D8B9-7FE1-469D-9988-93CC960C89EF}.Release|Any CPU.Build.0 = Release|Any CPU
		{C73E4420-1837-4562-B08A-7D287C4A7241}.Debug|Any CPU.ActiveCfg = Debug|Any CPU
		{C73E4420-1837-4562-B08A-7D287C4A7241}.Debug|Any CPU.Build.0 = Debug|Any CPU
		{C73E4420-1837-4562-B08A-7D287C4A7241}.Release|Any CPU.ActiveCfg = Release|Any CPU
		{C73E4420-1837-4562-B08A-7D287C4A7241}.Release|Any CPU.Build.0 = Release|Any CPU
	EndGlobalSection
	GlobalSection(SolutionProperties) = preSolution
		HideSolutionNode = FALSE
	EndGlobalSection
	GlobalSection(NestedProjects) = preSolution
		{D225A05B-7595-46F1-8752-95FABE7D3FF4} = {4FC20124-3ECB-43C0-8723-992A3BAA7893}
		{4FC20124-3ECB-43C0-8723-992A3BAA7893} = {2A20BA67-46E9-4A95-BCD0-D9ECADAF59EE}
		{BFA36F35-DA82-4628-B884-57F6098339BC} = {2A20BA67-46E9-4A95-BCD0-D9ECADAF59EE}
		{FB9B2D1E-F3B0-467A-99A2-14921BC383AF} = {BFA36F35-DA82-4628-B884-57F6098339BC}
		{007DB87D-F4F6-4279-963F-90518AF4FA04} = {BFA36F35-DA82-4628-B884-57F6098339BC}
		{4A66F218-8A91-4FC3-A29D-B891CD7EF758} = {2A20BA67-46E9-4A95-BCD0-D9ECADAF59EE}
		{6C4FAB14-AD0F-459C-AB8D-C1C8E13BE628} = {4A66F218-8A91-4FC3-A29D-B891CD7EF758}
		{50022730-2B86-4927-9F8F-F37505AEDEA7} = {4A66F218-8A91-4FC3-A29D-B891CD7EF758}
		{54E5B9BB-60F5-40C8-8345-461D1083DDCC} = {1BFAED43-74B4-40D8-881A-2F7264D77CD1}
		{7050A652-AA85-4A29-B662-33890C0BC208} = {54E5B9BB-60F5-40C8-8345-461D1083DDCC}
		{D8410128-3B4B-4502-88B0-03A40FDF9D59} = {1BFAED43-74B4-40D8-881A-2F7264D77CD1}
		{DD332554-DD7C-420B-B3B5-4BDB46F45943} = {D8410128-3B4B-4502-88B0-03A40FDF9D59}
		{DB2B0AE1-7F36-4756-A059-059424475D53} = {D8410128-3B4B-4502-88B0-03A40FDF9D59}
		{8F0269AB-B2D8-4AE9-82DB-55EB113F7D0D} = {1BFAED43-74B4-40D8-881A-2F7264D77CD1}
		{8129435C-8ED1-4DD7-B5AA-1C9175FDCAED} = {8F0269AB-B2D8-4AE9-82DB-55EB113F7D0D}
		{6C0E8258-7402-4716-80D5-FC8743878189} = {8F0269AB-B2D8-4AE9-82DB-55EB113F7D0D}
		{21507160-3303-474F-A18C-C9123464C084} = {BE636E33-FDBA-4DCE-B3A5-A7F3EF9C497B}
		{C4F6D8B9-7FE1-469D-9988-93CC960C89EF} = {21507160-3303-474F-A18C-C9123464C084}
		{57A93BA2-4B92-4454-8795-D7265E9E192C} = {BE636E33-FDBA-4DCE-B3A5-A7F3EF9C497B}
		{C73E4420-1837-4562-B08A-7D287C4A7241} = {57A93BA2-4B92-4454-8795-D7265E9E192C}
	EndGlobalSection
	GlobalSection(ExtensibilityGlobals) = postSolution
		SolutionGuid = {FF0EC0BE-AE4A-4EED-B706-53262927C762}
	EndGlobalSection
EndGlobal
